
Microsoft Visual Studio Solution File, Format Version 12.00
# Visual Studio 2012
Project("{FAE04EC0-301F-11D3-BF4B-00C04F79EFBC}") = "Xamarin.Plugins.GenericCarousel", "Xamarin.Plugins.GenericCarousel\Xamarin.Plugins.GenericCarousel.csproj", "{0A73E6A4-4F14-4C82-A296-279FECE4621B}"
EndProject
Project("{FAE04EC0-301F-11D3-BF4B-00C04F79EFBC}") = "Xamarin.Plugins.GenericCarousel.Droid", "Droid\Xamarin.Plugins.GenericCarousel.Droid.csproj", "{DDF3397B-931E-410A-8DA5-59A7F39A3482}"
EndProject
Global
	GlobalSection(SolutionConfigurationPlatforms) = preSolution
		Debug|Any CPU = Debug|Any CPU
		Release|Any CPU = Release|Any CPU
	EndGlobalSection
	GlobalSection(ProjectConfigurationPlatforms) = postSolution
		{0A73E6A4-4F14-4C82-A296-279FECE4621B}.Debug|Any CPU.ActiveCfg = Debug|Any CPU
		{0A73E6A4-4F14-4C82-A296-279FECE4621B}.Debug|Any CPU.Build.0 = Debug|Any CPU
		{0A73E6A4-4F14-4C82-A296-279FECE4621B}.Release|Any CPU.ActiveCfg = Release|Any CPU
		{0A73E6A4-4F14-4C82-A296-279FECE4621B}.Release|Any CPU.Build.0 = Release|Any CPU
		{DDF3397B-931E-410A-8DA5-59A7F39A3482}.Debug|Any CPU.ActiveCfg = Debug|Any CPU
		{DDF3397B-931E-410A-8DA5-59A7F39A3482}.Debug|Any CPU.Build.0 = Debug|Any CPU
		{DDF3397B-931E-410A-8DA5-59A7F39A3482}.Release|Any CPU.ActiveCfg = Release|Any CPU
		{DDF3397B-931E-410A-8DA5-59A7F39A3482}.Release|Any CPU.Build.0 = Release|Any CPU
	EndGlobalSection
EndGlobal
